
Microsoft Visual Studio Solution File, Format Version 12.00
# Visual Studio 15
VisualStudioVersion = 15.0.28010.0
MinimumVisualStudioVersion = 10.0.40219.1
Project("{F184B08F-C81C-45F6-A57F-5ABD9991F28F}") = "form", "form\form.vbproj", "{7421F52C-E190-46AC-9B4E-F44134D7C732}"
	ProjectSection(ProjectDependencies) = postProject
		{F7AE7F14-E9DE-43D8-879C-1045ACCDBCBB} = {F7AE7F14-E9DE-43D8-879C-1045ACCDBCBB}
	EndProjectSection
EndProject
Project("{F184B08F-C81C-45F6-A57F-5ABD9991F28F}") = "server", "server\server.vbproj", "{B7A99852-88A9-4BA9-8D8E-641585F6578E}"
	ProjectSection(ProjectDependencies) = postProject
		{F7AE7F14-E9DE-43D8-879C-1045ACCDBCBB} = {F7AE7F14-E9DE-43D8-879C-1045ACCDBCBB}
	EndProjectSection
EndProject
Project("{F184B08F-C81C-45F6-A57F-5ABD9991F28F}") = "connector", "connecter\connector.vbproj", "{F7AE7F14-E9DE-43D8-879C-1045ACCDBCBB}"
EndProject
Global
	GlobalSection(SolutionConfigurationPlatforms) = preSolution
		Debug|Any CPU = Debug|Any CPU
		Release|Any CPU = Release|Any CPU
	EndGlobalSection
	GlobalSection(ProjectConfigurationPlatforms) = postSolution
		{7421F52C-E190-46AC-9B4E-F44134D7C732}.Debug|Any CPU.ActiveCfg = Debug|Any CPU
		{7421F52C-E190-46AC-9B4E-F44134D7C732}.Debug|Any CPU.Build.0 = Debug|Any CPU
		{7421F52C-E190-46AC-9B4E-F44134D7C732}.Release|Any CPU.ActiveCfg = Release|Any CPU
		{7421F52C-E190-46AC-9B4E-F44134D7C732}.Release|Any CPU.Build.0 = Release|Any CPU
		{B7A99852-88A9-4BA9-8D8E-641585F6578E}.Debug|Any CPU.ActiveCfg = Debug|Any CPU
		{B7A99852-88A9-4BA9-8D8E-641585F6578E}.Debug|Any CPU.Build.0 = Debug|Any CPU
		{B7A99852-88A9-4BA9-8D8E-641585F6578E}.Release|Any CPU.ActiveCfg = Release|Any CPU
		{B7A99852-88A9-4BA9-8D8E-641585F6578E}.Release|Any CPU.Build.0 = Release|Any CPU
		{F7AE7F14-E9DE-43D8-879C-1045ACCDBCBB}.Debug|Any CPU.ActiveCfg = Debug|Any CPU
		{F7AE7F14-E9DE-43D8-879C-1045ACCDBCBB}.Debug|Any CPU.Build.0 = Debug|Any CPU
		{F7AE7F14-E9DE-43D8-879C-1045ACCDBCBB}.Release|Any CPU.ActiveCfg = Release|Any CPU
		{F7AE7F14-E9DE-43D8-879C-1045ACCDBCBB}.Release|Any CPU.Build.0 = Release|Any CPU
	EndGlobalSection
	GlobalSection(SolutionProperties) = preSolution
		HideSolutionNode = FALSE
	EndGlobalSection
	GlobalSection(ExtensibilityGlobals) = postSolution
		SolutionGuid = {2B4DFCD6-F863-4EA4-949E-EB503F18C073}
	EndGlobalSection
EndGlobal
